
Microsoft Visual Studio Solution File, Format Version 12.00
# Visual Studio 16
Project("{FAE04EC0-301F-11D3-BF4B-00C04F79EFBC}") = "Assembly-CSharp", "Assembly-CSharp.csproj", "{9FD80F98-DF5D-44D9-737F-D6BB7423C86F}"
EndProject
Project("{FAE04EC0-301F-11D3-BF4B-00C04F79EFBC}") = "Assembly-CSharp-firstpass", "Assembly-CSharp-firstpass.csproj", "{863A9C16-B991-9EC2-6FB3-8559F164C199}"
EndProject
Project("{FAE04EC0-301F-11D3-BF4B-00C04F79EFBC}") = "Assembly-CSharp-Editor-firstpass", "Assembly-CSharp-Editor-firstpass.csproj", "{8F470643-5011-A8A4-947A-DD1091DA304F}"
EndProject
Global
	GlobalSection(SolutionConfigurationPlatforms) = preSolution
		Debug|Any CPU = Debug|Any CPU
		Release|Any CPU = Release|Any CPU
	EndGlobalSection
	GlobalSection(ProjectConfigurationPlatforms) = postSolution
		{9FD80F98-DF5D-44D9-737F-D6BB7423C86F}.Debug|Any CPU.ActiveCfg = Debug|Any CPU
		{9FD80F98-DF5D-44D9-737F-D6BB7423C86F}.Debug|Any CPU.Build.0 = Debug|Any CPU
		{9FD80F98-DF5D-44D9-737F-D6BB7423C86F}.Release|Any CPU.ActiveCfg = Release|Any CPU
		{9FD80F98-DF5D-44D9-737F-D6BB7423C86F}.Release|Any CPU.Build.0 = Release|Any CPU
		{863A9C16-B991-9EC2-6FB3-8559F164C199}.Debug|Any CPU.ActiveCfg = Debug|Any CPU
		{863A9C16-B991-9EC2-6FB3-8559F164C199}.Debug|Any CPU.Build.0 = Debug|Any CPU
		{863A9C16-B991-9EC2-6FB3-8559F164C199}.Release|Any CPU.ActiveCfg = Release|Any CPU
		{863A9C16-B991-9EC2-6FB3-8559F164C199}.Release|Any CPU.Build.0 = Release|Any CPU
		{8F470643-5011-A8A4-947A-DD1091DA304F}.Debug|Any CPU.ActiveCfg = Debug|Any CPU
		{8F470643-5011-A8A4-947A-DD1091DA304F}.Debug|Any CPU.Build.0 = Debug|Any CPU
		{8F470643-5011-A8A4-947A-DD1091DA304F}.Release|Any CPU.ActiveCfg = Release|Any CPU
		{8F470643-5011-A8A4-947A-DD1091DA304F}.Release|Any CPU.Build.0 = Release|Any CPU
	EndGlobalSection
	GlobalSection(SolutionProperties) = preSolution
		HideSolutionNode = FALSE
	EndGlobalSection
EndGlobal
